
Microsoft Visual Studio Solution File, Format Version 12.00
# Visual Studio 15
VisualStudioVersion = 15.0.28307.329
MinimumVisualStudioVersion = 10.0.40219.1
Project("{FAE04EC0-301F-11D3-BF4B-00C04F79EFBC}") = "AmazoneTest", "AmazoneTests\AmazoneTest.csproj", "{BAFB2767-EC08-4510-847D-7DDCCD9DCF65}"
EndProject
Project("{FAE04EC0-301F-11D3-BF4B-00C04F79EFBC}") = "AJAXTestSuites", "AJAXTests\AJAXTestSuites.csproj", "{98070C8E-466B-4261-B5B0-DEB60F81D427}"
EndProject
Global
	GlobalSection(SolutionConfigurationPlatforms) = preSolution
		Debug|Any CPU = Debug|Any CPU
		Release|Any CPU = Release|Any CPU
	EndGlobalSection
	GlobalSection(ProjectConfigurationPlatforms) = postSolution
		{BAFB2767-EC08-4510-847D-7DDCCD9DCF65}.Debug|Any CPU.ActiveCfg = Debug|Any CPU
		{BAFB2767-EC08-4510-847D-7DDCCD9DCF65}.Debug|Any CPU.Build.0 = Debug|Any CPU
		{BAFB2767-EC08-4510-847D-7DDCCD9DCF65}.Release|Any CPU.ActiveCfg = Release|Any CPU
		{BAFB2767-EC08-4510-847D-7DDCCD9DCF65}.Release|Any CPU.Build.0 = Release|Any CPU
		{98070C8E-466B-4261-B5B0-DEB60F81D427}.Debug|Any CPU.ActiveCfg = Debug|Any CPU
		{98070C8E-466B-4261-B5B0-DEB60F81D427}.Debug|Any CPU.Build.0 = Debug|Any CPU
		{98070C8E-466B-4261-B5B0-DEB60F81D427}.Release|Any CPU.ActiveCfg = Release|Any CPU
		{98070C8E-466B-4261-B5B0-DEB60F81D427}.Release|Any CPU.Build.0 = Release|Any CPU
	EndGlobalSection
	GlobalSection(SolutionProperties) = preSolution
		HideSolutionNode = FALSE
	EndGlobalSection
	GlobalSection(ExtensibilityGlobals) = postSolution
		SolutionGuid = {52B35AB2-15D5-4B82-8E7C-0616095A59BF}
	EndGlobalSection
EndGlobal
